
Microsoft Visual Studio Solution File, Format Version 12.00
# Visual Studio Version 17
VisualStudioVersion = 17.7.34031.279
MinimumVisualStudioVersion = 10.0.40219.1
Project("{FAE04EC0-301F-11D3-BF4B-00C04F79EFBC}") = "OrvosiNobeldijasokGUI", "OrvosiNobeldijasokGUI\OrvosiNobeldijasokGUI.csproj", "{B7BB3F3C-0FFE-4A8F-BB15-1F90898014E1}"
EndProject
Global
	GlobalSection(SolutionConfigurationPlatforms) = preSolution
		Debug|Any CPU = Debug|Any CPU
		Release|Any CPU = Release|Any CPU
	EndGlobalSection
	GlobalSection(ProjectConfigurationPlatforms) = postSolution
		{B7BB3F3C-0FFE-4A8F-BB15-1F90898014E1}.Debug|Any CPU.ActiveCfg = Debug|Any CPU
		{B7BB3F3C-0FFE-4A8F-BB15-1F90898014E1}.Debug|Any CPU.Build.0 = Debug|Any CPU
		{B7BB3F3C-0FFE-4A8F-BB15-1F90898014E1}.Release|Any CPU.ActiveCfg = Release|Any CPU
		{B7BB3F3C-0FFE-4A8F-BB15-1F90898014E1}.Release|Any CPU.Build.0 = Release|Any CPU
	EndGlobalSection
	GlobalSection(SolutionProperties) = preSolution
		HideSolutionNode = FALSE
	EndGlobalSection
	GlobalSection(ExtensibilityGlobals) = postSolution
		SolutionGuid = {EB24C911-F2BD-4E48-94D7-7DAC15E3DC26}
	EndGlobalSection
EndGlobal
