
Microsoft Visual Studio Solution File, Format Version 12.00
# Visual Studio Version 17
VisualStudioVersion = 17.7.34031.279
MinimumVisualStudioVersion = 10.0.40219.1
Project("{FAE04EC0-301F-11D3-BF4B-00C04F79EFBC}") = "karacsonCLI", "karacsonCLI\karacsonCLI.csproj", "{462A6C78-5F5E-4423-8E19-3D00DAF7C26F}"
EndProject
Global
	GlobalSection(SolutionConfigurationPlatforms) = preSolution
		Debug|Any CPU = Debug|Any CPU
		Release|Any CPU = Release|Any CPU
	EndGlobalSection
	GlobalSection(ProjectConfigurationPlatforms) = postSolution
		{462A6C78-5F5E-4423-8E19-3D00DAF7C26F}.Debug|Any CPU.ActiveCfg = Debug|Any CPU
		{462A6C78-5F5E-4423-8E19-3D00DAF7C26F}.Debug|Any CPU.Build.0 = Debug|Any CPU
		{462A6C78-5F5E-4423-8E19-3D00DAF7C26F}.Release|Any CPU.ActiveCfg = Release|Any CPU
		{462A6C78-5F5E-4423-8E19-3D00DAF7C26F}.Release|Any CPU.Build.0 = Release|Any CPU
	EndGlobalSection
	GlobalSection(SolutionProperties) = preSolution
		HideSolutionNode = FALSE
	EndGlobalSection
	GlobalSection(ExtensibilityGlobals) = postSolution
		SolutionGuid = {89082C4A-FF01-47DA-B9CA-0E63737D17EE}
	EndGlobalSection
EndGlobal
