
Microsoft Visual Studio Solution File, Format Version 12.00
# Visual Studio Version 17
VisualStudioVersion = 17.6.33829.357
MinimumVisualStudioVersion = 10.0.40219.1
Project("{FAE04EC0-301F-11D3-BF4B-00C04F79EFBC}") = "bukkmaratonwpf", "bukkmaratonwpf.csproj", "{ED982563-8560-4DB4-A2BC-F33ED0CC4C86}"
EndProject
Global
	GlobalSection(SolutionConfigurationPlatforms) = preSolution
		Debug|Any CPU = Debug|Any CPU
		Release|Any CPU = Release|Any CPU
	EndGlobalSection
	GlobalSection(ProjectConfigurationPlatforms) = postSolution
		{ED982563-8560-4DB4-A2BC-F33ED0CC4C86}.Debug|Any CPU.ActiveCfg = Debug|Any CPU
		{ED982563-8560-4DB4-A2BC-F33ED0CC4C86}.Debug|Any CPU.Build.0 = Debug|Any CPU
		{ED982563-8560-4DB4-A2BC-F33ED0CC4C86}.Release|Any CPU.ActiveCfg = Release|Any CPU
		{ED982563-8560-4DB4-A2BC-F33ED0CC4C86}.Release|Any CPU.Build.0 = Release|Any CPU
	EndGlobalSection
	GlobalSection(SolutionProperties) = preSolution
		HideSolutionNode = FALSE
	EndGlobalSection
	GlobalSection(ExtensibilityGlobals) = postSolution
		SolutionGuid = {E382132C-83E9-47F1-B235-6804F5304917}
	EndGlobalSection
EndGlobal
