
Microsoft Visual Studio Solution File, Format Version 12.00
# Visual Studio Version 17
VisualStudioVersion = 17.7.34024.191
MinimumVisualStudioVersion = 10.0.40219.1
Project("{FAE04EC0-301F-11D3-BF4B-00C04F79EFBC}") = "CRUD", "CRUD\CRUD.csproj", "{797DA9D4-BB33-47A6-A350-B4F5BD0A8F39}"
EndProject
Global
	GlobalSection(SolutionConfigurationPlatforms) = preSolution
		Debug|Any CPU = Debug|Any CPU
		Release|Any CPU = Release|Any CPU
	EndGlobalSection
	GlobalSection(ProjectConfigurationPlatforms) = postSolution
		{797DA9D4-BB33-47A6-A350-B4F5BD0A8F39}.Debug|Any CPU.ActiveCfg = Debug|Any CPU
		{797DA9D4-BB33-47A6-A350-B4F5BD0A8F39}.Debug|Any CPU.Build.0 = Debug|Any CPU
		{797DA9D4-BB33-47A6-A350-B4F5BD0A8F39}.Release|Any CPU.ActiveCfg = Release|Any CPU
		{797DA9D4-BB33-47A6-A350-B4F5BD0A8F39}.Release|Any CPU.Build.0 = Release|Any CPU
	EndGlobalSection
	GlobalSection(SolutionProperties) = preSolution
		HideSolutionNode = FALSE
	EndGlobalSection
	GlobalSection(ExtensibilityGlobals) = postSolution
		SolutionGuid = {8BF195BA-6CD2-4586-A67F-2A63D00C8C81}
	EndGlobalSection
EndGlobal
