
Microsoft Visual Studio Solution File, Format Version 12.00
# Visual Studio Version 17
VisualStudioVersion = 17.7.34031.279
MinimumVisualStudioVersion = 10.0.40219.1
Project("{FAE04EC0-301F-11D3-BF4B-00C04F79EFBC}") = "UnittestCourse1", "UnittestCourse1\UnittestCourse1.csproj", "{67A1775C-F9F1-4C49-A6E1-1FC03EC29B7A}"
EndProject
Global
	GlobalSection(SolutionConfigurationPlatforms) = preSolution
		Debug|Any CPU = Debug|Any CPU
		Release|Any CPU = Release|Any CPU
	EndGlobalSection
	GlobalSection(ProjectConfigurationPlatforms) = postSolution
		{67A1775C-F9F1-4C49-A6E1-1FC03EC29B7A}.Debug|Any CPU.ActiveCfg = Debug|Any CPU
		{67A1775C-F9F1-4C49-A6E1-1FC03EC29B7A}.Debug|Any CPU.Build.0 = Debug|Any CPU
		{67A1775C-F9F1-4C49-A6E1-1FC03EC29B7A}.Release|Any CPU.ActiveCfg = Release|Any CPU
		{67A1775C-F9F1-4C49-A6E1-1FC03EC29B7A}.Release|Any CPU.Build.0 = Release|Any CPU
	EndGlobalSection
	GlobalSection(SolutionProperties) = preSolution
		HideSolutionNode = FALSE
	EndGlobalSection
	GlobalSection(ExtensibilityGlobals) = postSolution
		SolutionGuid = {A0BE1624-2BD9-4504-ACA9-65CEE9358E62}
	EndGlobalSection
EndGlobal
