
Microsoft Visual Studio Solution File, Format Version 12.00
# Visual Studio Version 17
VisualStudioVersion = 17.3.32825.248
MinimumVisualStudioVersion = 10.0.40219.1
Project("{FAE04EC0-301F-11D3-BF4B-00C04F79EFBC}") = "hóska", "hóska\hóska.csproj", "{E97DBB24-1D94-40E4-8C51-D00F2237DED6}"
EndProject
Global
	GlobalSection(SolutionConfigurationPlatforms) = preSolution
		Debug|Any CPU = Debug|Any CPU
		Release|Any CPU = Release|Any CPU
	EndGlobalSection
	GlobalSection(ProjectConfigurationPlatforms) = postSolution
		{E97DBB24-1D94-40E4-8C51-D00F2237DED6}.Debug|Any CPU.ActiveCfg = Debug|Any CPU
		{E97DBB24-1D94-40E4-8C51-D00F2237DED6}.Debug|Any CPU.Build.0 = Debug|Any CPU
		{E97DBB24-1D94-40E4-8C51-D00F2237DED6}.Release|Any CPU.ActiveCfg = Release|Any CPU
		{E97DBB24-1D94-40E4-8C51-D00F2237DED6}.Release|Any CPU.Build.0 = Release|Any CPU
	EndGlobalSection
	GlobalSection(SolutionProperties) = preSolution
		HideSolutionNode = FALSE
	EndGlobalSection
	GlobalSection(ExtensibilityGlobals) = postSolution
		SolutionGuid = {20F12801-7B43-4703-893B-EE860B1F76C8}
	EndGlobalSection
EndGlobal
