
Microsoft Visual Studio Solution File, Format Version 12.00
# Visual Studio Version 17
VisualStudioVersion = 17.7.34031.279
MinimumVisualStudioVersion = 10.0.40219.1
Project("{FAE04EC0-301F-11D3-BF4B-00C04F79EFBC}") = "toto", "toto\toto.csproj", "{051ACDD7-BE32-4630-A752-80CAB7079964}"
EndProject
Global
	GlobalSection(SolutionConfigurationPlatforms) = preSolution
		Debug|Any CPU = Debug|Any CPU
		Release|Any CPU = Release|Any CPU
	EndGlobalSection
	GlobalSection(ProjectConfigurationPlatforms) = postSolution
		{051ACDD7-BE32-4630-A752-80CAB7079964}.Debug|Any CPU.ActiveCfg = Debug|Any CPU
		{051ACDD7-BE32-4630-A752-80CAB7079964}.Debug|Any CPU.Build.0 = Debug|Any CPU
		{051ACDD7-BE32-4630-A752-80CAB7079964}.Release|Any CPU.ActiveCfg = Release|Any CPU
		{051ACDD7-BE32-4630-A752-80CAB7079964}.Release|Any CPU.Build.0 = Release|Any CPU
	EndGlobalSection
	GlobalSection(SolutionProperties) = preSolution
		HideSolutionNode = FALSE
	EndGlobalSection
	GlobalSection(ExtensibilityGlobals) = postSolution
		SolutionGuid = {D4274561-4C93-46E7-8A6B-9A5AE46E475C}
	EndGlobalSection
EndGlobal
