
Microsoft Visual Studio Solution File, Format Version 12.00
# Visual Studio Version 17
VisualStudioVersion = 17.7.34031.279
MinimumVisualStudioVersion = 10.0.40219.1
Project("{FAE04EC0-301F-11D3-BF4B-00C04F79EFBC}") = "órai 18.1 orvosiGUI", "órai 18.1 orvosiGUI\órai 18.1 orvosiGUI.csproj", "{BEE75FF4-E62C-4EDB-9093-77D6E61F27E7}"
EndProject
Global
	GlobalSection(SolutionConfigurationPlatforms) = preSolution
		Debug|Any CPU = Debug|Any CPU
		Release|Any CPU = Release|Any CPU
	EndGlobalSection
	GlobalSection(ProjectConfigurationPlatforms) = postSolution
		{BEE75FF4-E62C-4EDB-9093-77D6E61F27E7}.Debug|Any CPU.ActiveCfg = Debug|Any CPU
		{BEE75FF4-E62C-4EDB-9093-77D6E61F27E7}.Debug|Any CPU.Build.0 = Debug|Any CPU
		{BEE75FF4-E62C-4EDB-9093-77D6E61F27E7}.Release|Any CPU.ActiveCfg = Release|Any CPU
		{BEE75FF4-E62C-4EDB-9093-77D6E61F27E7}.Release|Any CPU.Build.0 = Release|Any CPU
	EndGlobalSection
	GlobalSection(SolutionProperties) = preSolution
		HideSolutionNode = FALSE
	EndGlobalSection
	GlobalSection(ExtensibilityGlobals) = postSolution
		SolutionGuid = {172B08C4-E823-4202-A370-8FD44F0E2B68}
	EndGlobalSection
EndGlobal
