
Microsoft Visual Studio Solution File, Format Version 12.00
# Visual Studio Version 17
VisualStudioVersion = 17.7.34031.279
MinimumVisualStudioVersion = 10.0.40219.1
Project("{FAE04EC0-301F-11D3-BF4B-00C04F79EFBC}") = "órai 13.5 toarray", "órai 13.5 toarray\órai 13.5 toarray.csproj", "{CA1690CE-B2AD-4056-964C-5E5DDBB762C1}"
EndProject
Global
	GlobalSection(SolutionConfigurationPlatforms) = preSolution
		Debug|Any CPU = Debug|Any CPU
		Release|Any CPU = Release|Any CPU
	EndGlobalSection
	GlobalSection(ProjectConfigurationPlatforms) = postSolution
		{CA1690CE-B2AD-4056-964C-5E5DDBB762C1}.Debug|Any CPU.ActiveCfg = Debug|Any CPU
		{CA1690CE-B2AD-4056-964C-5E5DDBB762C1}.Debug|Any CPU.Build.0 = Debug|Any CPU
		{CA1690CE-B2AD-4056-964C-5E5DDBB762C1}.Release|Any CPU.ActiveCfg = Release|Any CPU
		{CA1690CE-B2AD-4056-964C-5E5DDBB762C1}.Release|Any CPU.Build.0 = Release|Any CPU
	EndGlobalSection
	GlobalSection(SolutionProperties) = preSolution
		HideSolutionNode = FALSE
	EndGlobalSection
	GlobalSection(ExtensibilityGlobals) = postSolution
		SolutionGuid = {56B45421-55E1-4C17-993C-C5F6C2BF2891}
	EndGlobalSection
EndGlobal
