
Microsoft Visual Studio Solution File, Format Version 12.00
# Visual Studio Version 17
VisualStudioVersion = 17.7.34031.279
MinimumVisualStudioVersion = 10.0.40219.1
Project("{FAE04EC0-301F-11D3-BF4B-00C04F79EFBC}") = "NetworkUtility", "NetworkUtility\NetworkUtility.csproj", "{2E2C6E52-9A74-40A6-947E-9B682CF761AF}"
EndProject
Global
	GlobalSection(SolutionConfigurationPlatforms) = preSolution
		Debug|Any CPU = Debug|Any CPU
		Release|Any CPU = Release|Any CPU
	EndGlobalSection
	GlobalSection(ProjectConfigurationPlatforms) = postSolution
		{2E2C6E52-9A74-40A6-947E-9B682CF761AF}.Debug|Any CPU.ActiveCfg = Debug|Any CPU
		{2E2C6E52-9A74-40A6-947E-9B682CF761AF}.Debug|Any CPU.Build.0 = Debug|Any CPU
		{2E2C6E52-9A74-40A6-947E-9B682CF761AF}.Release|Any CPU.ActiveCfg = Release|Any CPU
		{2E2C6E52-9A74-40A6-947E-9B682CF761AF}.Release|Any CPU.Build.0 = Release|Any CPU
	EndGlobalSection
	GlobalSection(SolutionProperties) = preSolution
		HideSolutionNode = FALSE
	EndGlobalSection
	GlobalSection(ExtensibilityGlobals) = postSolution
		SolutionGuid = {6877173F-6A36-4BEC-896E-86FC0F4FD1CC}
	EndGlobalSection
EndGlobal
