
Microsoft Visual Studio Solution File, Format Version 12.00
# Visual Studio Version 17
VisualStudioVersion = 17.7.34031.279
MinimumVisualStudioVersion = 10.0.40219.1
Project("{FAE04EC0-301F-11D3-BF4B-00C04F79EFBC}") = "tryParse", "tryParse\tryParse.csproj", "{C47346BE-3933-4A1F-8A4B-1DC63169A815}"
EndProject
Global
	GlobalSection(SolutionConfigurationPlatforms) = preSolution
		Debug|Any CPU = Debug|Any CPU
		Release|Any CPU = Release|Any CPU
	EndGlobalSection
	GlobalSection(ProjectConfigurationPlatforms) = postSolution
		{C47346BE-3933-4A1F-8A4B-1DC63169A815}.Debug|Any CPU.ActiveCfg = Debug|Any CPU
		{C47346BE-3933-4A1F-8A4B-1DC63169A815}.Debug|Any CPU.Build.0 = Debug|Any CPU
		{C47346BE-3933-4A1F-8A4B-1DC63169A815}.Release|Any CPU.ActiveCfg = Release|Any CPU
		{C47346BE-3933-4A1F-8A4B-1DC63169A815}.Release|Any CPU.Build.0 = Release|Any CPU
	EndGlobalSection
	GlobalSection(SolutionProperties) = preSolution
		HideSolutionNode = FALSE
	EndGlobalSection
	GlobalSection(ExtensibilityGlobals) = postSolution
		SolutionGuid = {C7EC42D5-8892-4AB6-A095-FBECB2B52FB7}
	EndGlobalSection
EndGlobal
