
Microsoft Visual Studio Solution File, Format Version 12.00
# Visual Studio Version 17
VisualStudioVersion = 17.7.34031.279
MinimumVisualStudioVersion = 10.0.40219.1
Project("{FAE04EC0-301F-11D3-BF4B-00C04F79EFBC}") = "BukkMarathon2019", "BukkMarathon2019\BukkMarathon2019.csproj", "{AB2B118F-69B8-4B33-9C0A-67C984E582C9}"
EndProject
Global
	GlobalSection(SolutionConfigurationPlatforms) = preSolution
		Debug|Any CPU = Debug|Any CPU
		Release|Any CPU = Release|Any CPU
	EndGlobalSection
	GlobalSection(ProjectConfigurationPlatforms) = postSolution
		{AB2B118F-69B8-4B33-9C0A-67C984E582C9}.Debug|Any CPU.ActiveCfg = Debug|Any CPU
		{AB2B118F-69B8-4B33-9C0A-67C984E582C9}.Debug|Any CPU.Build.0 = Debug|Any CPU
		{AB2B118F-69B8-4B33-9C0A-67C984E582C9}.Release|Any CPU.ActiveCfg = Release|Any CPU
		{AB2B118F-69B8-4B33-9C0A-67C984E582C9}.Release|Any CPU.Build.0 = Release|Any CPU
	EndGlobalSection
	GlobalSection(SolutionProperties) = preSolution
		HideSolutionNode = FALSE
	EndGlobalSection
	GlobalSection(ExtensibilityGlobals) = postSolution
		SolutionGuid = {D4793896-5F5F-444A-A2E5-1405E8AD3876}
	EndGlobalSection
EndGlobal
