
Microsoft Visual Studio Solution File, Format Version 12.00
# Visual Studio Version 17
VisualStudioVersion = 17.7.34031.279
MinimumVisualStudioVersion = 10.0.40219.1
Project("{FAE04EC0-301F-11D3-BF4B-00C04F79EFBC}") = "órai 14 tömb", "órai 14 tömb\órai 14 tömb.csproj", "{5110259C-1626-4A97-B2E4-25646DB59B59}"
EndProject
Global
	GlobalSection(SolutionConfigurationPlatforms) = preSolution
		Debug|Any CPU = Debug|Any CPU
		Release|Any CPU = Release|Any CPU
	EndGlobalSection
	GlobalSection(ProjectConfigurationPlatforms) = postSolution
		{5110259C-1626-4A97-B2E4-25646DB59B59}.Debug|Any CPU.ActiveCfg = Debug|Any CPU
		{5110259C-1626-4A97-B2E4-25646DB59B59}.Debug|Any CPU.Build.0 = Debug|Any CPU
		{5110259C-1626-4A97-B2E4-25646DB59B59}.Release|Any CPU.ActiveCfg = Release|Any CPU
		{5110259C-1626-4A97-B2E4-25646DB59B59}.Release|Any CPU.Build.0 = Release|Any CPU
	EndGlobalSection
	GlobalSection(SolutionProperties) = preSolution
		HideSolutionNode = FALSE
	EndGlobalSection
	GlobalSection(ExtensibilityGlobals) = postSolution
		SolutionGuid = {B3C6F914-4A58-428C-81FA-F2CA5DD7331F}
	EndGlobalSection
EndGlobal
