
Microsoft Visual Studio Solution File, Format Version 12.00
# Visual Studio Version 17
VisualStudioVersion = 17.7.34031.279
MinimumVisualStudioVersion = 10.0.40219.1
Project("{FAE04EC0-301F-11D3-BF4B-00C04F79EFBC}") = "cbradio", "cbradio\cbradio.csproj", "{EF900DB9-2224-4A48-BEF3-07C6B2CB4007}"
EndProject
Global
	GlobalSection(SolutionConfigurationPlatforms) = preSolution
		Debug|Any CPU = Debug|Any CPU
		Release|Any CPU = Release|Any CPU
	EndGlobalSection
	GlobalSection(ProjectConfigurationPlatforms) = postSolution
		{EF900DB9-2224-4A48-BEF3-07C6B2CB4007}.Debug|Any CPU.ActiveCfg = Debug|Any CPU
		{EF900DB9-2224-4A48-BEF3-07C6B2CB4007}.Debug|Any CPU.Build.0 = Debug|Any CPU
		{EF900DB9-2224-4A48-BEF3-07C6B2CB4007}.Release|Any CPU.ActiveCfg = Release|Any CPU
		{EF900DB9-2224-4A48-BEF3-07C6B2CB4007}.Release|Any CPU.Build.0 = Release|Any CPU
	EndGlobalSection
	GlobalSection(SolutionProperties) = preSolution
		HideSolutionNode = FALSE
	EndGlobalSection
	GlobalSection(ExtensibilityGlobals) = postSolution
		SolutionGuid = {09E7F53F-1599-430C-9032-D9153B37423D}
	EndGlobalSection
EndGlobal
