
Microsoft Visual Studio Solution File, Format Version 12.00
# Visual Studio Version 17
VisualStudioVersion = 17.7.34031.279
MinimumVisualStudioVersion = 10.0.40219.1
Project("{FAE04EC0-301F-11D3-BF4B-00C04F79EFBC}") = "NevezetesAlgs", "NevezetesAlgs\NevezetesAlgs.csproj", "{8FF4D506-B7D4-46CE-A721-B2A2DBD5DDA2}"
EndProject
Global
	GlobalSection(SolutionConfigurationPlatforms) = preSolution
		Debug|Any CPU = Debug|Any CPU
		Release|Any CPU = Release|Any CPU
	EndGlobalSection
	GlobalSection(ProjectConfigurationPlatforms) = postSolution
		{8FF4D506-B7D4-46CE-A721-B2A2DBD5DDA2}.Debug|Any CPU.ActiveCfg = Debug|Any CPU
		{8FF4D506-B7D4-46CE-A721-B2A2DBD5DDA2}.Debug|Any CPU.Build.0 = Debug|Any CPU
		{8FF4D506-B7D4-46CE-A721-B2A2DBD5DDA2}.Release|Any CPU.ActiveCfg = Release|Any CPU
		{8FF4D506-B7D4-46CE-A721-B2A2DBD5DDA2}.Release|Any CPU.Build.0 = Release|Any CPU
	EndGlobalSection
	GlobalSection(SolutionProperties) = preSolution
		HideSolutionNode = FALSE
	EndGlobalSection
	GlobalSection(ExtensibilityGlobals) = postSolution
		SolutionGuid = {2C484CF2-4E2C-4E60-9945-EE669E60FC1A}
	EndGlobalSection
EndGlobal
