
Microsoft Visual Studio Solution File, Format Version 12.00
# Visual Studio Version 17
VisualStudioVersion = 17.7.34024.191
MinimumVisualStudioVersion = 10.0.40219.1
Project("{FAE04EC0-301F-11D3-BF4B-00C04F79EFBC}") = "ismétlés4", "ismétlés4\ismétlés4.csproj", "{7CAFC785-7710-49AF-BC76-F2FFDD98169F}"
EndProject
Global
	GlobalSection(SolutionConfigurationPlatforms) = preSolution
		Debug|Any CPU = Debug|Any CPU
		Release|Any CPU = Release|Any CPU
	EndGlobalSection
	GlobalSection(ProjectConfigurationPlatforms) = postSolution
		{7CAFC785-7710-49AF-BC76-F2FFDD98169F}.Debug|Any CPU.ActiveCfg = Debug|Any CPU
		{7CAFC785-7710-49AF-BC76-F2FFDD98169F}.Debug|Any CPU.Build.0 = Debug|Any CPU
		{7CAFC785-7710-49AF-BC76-F2FFDD98169F}.Release|Any CPU.ActiveCfg = Release|Any CPU
		{7CAFC785-7710-49AF-BC76-F2FFDD98169F}.Release|Any CPU.Build.0 = Release|Any CPU
	EndGlobalSection
	GlobalSection(SolutionProperties) = preSolution
		HideSolutionNode = FALSE
	EndGlobalSection
	GlobalSection(ExtensibilityGlobals) = postSolution
		SolutionGuid = {F32370ED-7E6B-4871-B91D-89C2066C8436}
	EndGlobalSection
EndGlobal
