
Microsoft Visual Studio Solution File, Format Version 12.00
# Visual Studio Version 17
VisualStudioVersion = 17.7.34031.279
MinimumVisualStudioVersion = 10.0.40219.1
Project("{FAE04EC0-301F-11D3-BF4B-00C04F79EFBC}") = "órai 13 lista", "órai 13 lista\órai 13 lista.csproj", "{3D21DCA9-0350-4972-BDD4-BD6EAB695014}"
EndProject
Global
	GlobalSection(SolutionConfigurationPlatforms) = preSolution
		Debug|Any CPU = Debug|Any CPU
		Release|Any CPU = Release|Any CPU
	EndGlobalSection
	GlobalSection(ProjectConfigurationPlatforms) = postSolution
		{3D21DCA9-0350-4972-BDD4-BD6EAB695014}.Debug|Any CPU.ActiveCfg = Debug|Any CPU
		{3D21DCA9-0350-4972-BDD4-BD6EAB695014}.Debug|Any CPU.Build.0 = Debug|Any CPU
		{3D21DCA9-0350-4972-BDD4-BD6EAB695014}.Release|Any CPU.ActiveCfg = Release|Any CPU
		{3D21DCA9-0350-4972-BDD4-BD6EAB695014}.Release|Any CPU.Build.0 = Release|Any CPU
	EndGlobalSection
	GlobalSection(SolutionProperties) = preSolution
		HideSolutionNode = FALSE
	EndGlobalSection
	GlobalSection(ExtensibilityGlobals) = postSolution
		SolutionGuid = {D0D788B6-7774-49D0-90E6-B5A7A23477AF}
	EndGlobalSection
EndGlobal
