
Microsoft Visual Studio Solution File, Format Version 12.00
# Visual Studio Version 17
VisualStudioVersion = 17.7.34031.279
MinimumVisualStudioVersion = 10.0.40219.1
Project("{FAE04EC0-301F-11D3-BF4B-00C04F79EFBC}") = "órai 13.3 több lista", "órai 13.3 több lista\órai 13.3 több lista.csproj", "{68859E63-5FA0-4123-940E-30FADF9BCDE0}"
EndProject
Global
	GlobalSection(SolutionConfigurationPlatforms) = preSolution
		Debug|Any CPU = Debug|Any CPU
		Release|Any CPU = Release|Any CPU
	EndGlobalSection
	GlobalSection(ProjectConfigurationPlatforms) = postSolution
		{68859E63-5FA0-4123-940E-30FADF9BCDE0}.Debug|Any CPU.ActiveCfg = Debug|Any CPU
		{68859E63-5FA0-4123-940E-30FADF9BCDE0}.Debug|Any CPU.Build.0 = Debug|Any CPU
		{68859E63-5FA0-4123-940E-30FADF9BCDE0}.Release|Any CPU.ActiveCfg = Release|Any CPU
		{68859E63-5FA0-4123-940E-30FADF9BCDE0}.Release|Any CPU.Build.0 = Release|Any CPU
	EndGlobalSection
	GlobalSection(SolutionProperties) = preSolution
		HideSolutionNode = FALSE
	EndGlobalSection
	GlobalSection(ExtensibilityGlobals) = postSolution
		SolutionGuid = {B698771F-8119-444A-BD9B-6393B850EE88}
	EndGlobalSection
EndGlobal
