
Microsoft Visual Studio Solution File, Format Version 12.00
# Visual Studio Version 17
VisualStudioVersion = 17.7.34031.279
MinimumVisualStudioVersion = 10.0.40219.1
Project("{FAE04EC0-301F-11D3-BF4B-00C04F79EFBC}") = "BukkMaraton2019", "BukkMaraton2019\BukkMaraton2019.csproj", "{AD6E83B5-F704-49EA-8008-EA65EFE7E4C4}"
EndProject
Project("{FAE04EC0-301F-11D3-BF4B-00C04F79EFBC}") = "BukkMarathon.Test", "BukkMarathon.Test\BukkMarathon.Test.csproj", "{DB3C65F2-5C6D-4F6C-B4BB-17BEA5DA9658}"
EndProject
Global
	GlobalSection(SolutionConfigurationPlatforms) = preSolution
		Debug|Any CPU = Debug|Any CPU
		Release|Any CPU = Release|Any CPU
	EndGlobalSection
	GlobalSection(ProjectConfigurationPlatforms) = postSolution
		{AD6E83B5-F704-49EA-8008-EA65EFE7E4C4}.Debug|Any CPU.ActiveCfg = Debug|Any CPU
		{AD6E83B5-F704-49EA-8008-EA65EFE7E4C4}.Debug|Any CPU.Build.0 = Debug|Any CPU
		{AD6E83B5-F704-49EA-8008-EA65EFE7E4C4}.Release|Any CPU.ActiveCfg = Release|Any CPU
		{AD6E83B5-F704-49EA-8008-EA65EFE7E4C4}.Release|Any CPU.Build.0 = Release|Any CPU
		{DB3C65F2-5C6D-4F6C-B4BB-17BEA5DA9658}.Debug|Any CPU.ActiveCfg = Debug|Any CPU
		{DB3C65F2-5C6D-4F6C-B4BB-17BEA5DA9658}.Debug|Any CPU.Build.0 = Debug|Any CPU
		{DB3C65F2-5C6D-4F6C-B4BB-17BEA5DA9658}.Release|Any CPU.ActiveCfg = Release|Any CPU
		{DB3C65F2-5C6D-4F6C-B4BB-17BEA5DA9658}.Release|Any CPU.Build.0 = Release|Any CPU
	EndGlobalSection
	GlobalSection(SolutionProperties) = preSolution
		HideSolutionNode = FALSE
	EndGlobalSection
	GlobalSection(ExtensibilityGlobals) = postSolution
		SolutionGuid = {5AF28DE2-DAB0-47A0-8BBD-84769A3ECC27}
	EndGlobalSection
EndGlobal
