
Microsoft Visual Studio Solution File, Format Version 12.00
# Visual Studio Version 17
VisualStudioVersion = 17.7.34024.191
MinimumVisualStudioVersion = 10.0.40219.1
Project("{FAE04EC0-301F-11D3-BF4B-00C04F79EFBC}") = "00P1", "00P1\00P1.csproj", "{EF0E43B1-52AF-45EB-8A93-3122CB34DB1E}"
EndProject
Global
	GlobalSection(SolutionConfigurationPlatforms) = preSolution
		Debug|Any CPU = Debug|Any CPU
		Release|Any CPU = Release|Any CPU
	EndGlobalSection
	GlobalSection(ProjectConfigurationPlatforms) = postSolution
		{EF0E43B1-52AF-45EB-8A93-3122CB34DB1E}.Debug|Any CPU.ActiveCfg = Debug|Any CPU
		{EF0E43B1-52AF-45EB-8A93-3122CB34DB1E}.Debug|Any CPU.Build.0 = Debug|Any CPU
		{EF0E43B1-52AF-45EB-8A93-3122CB34DB1E}.Release|Any CPU.ActiveCfg = Release|Any CPU
		{EF0E43B1-52AF-45EB-8A93-3122CB34DB1E}.Release|Any CPU.Build.0 = Release|Any CPU
	EndGlobalSection
	GlobalSection(SolutionProperties) = preSolution
		HideSolutionNode = FALSE
	EndGlobalSection
	GlobalSection(ExtensibilityGlobals) = postSolution
		SolutionGuid = {D4E6D73A-61DB-44F9-9BDB-87CB7C2D93AD}
	EndGlobalSection
EndGlobal
