
Microsoft Visual Studio Solution File, Format Version 12.00
# Visual Studio Version 17
VisualStudioVersion = 17.7.34031.279
MinimumVisualStudioVersion = 10.0.40219.1
Project("{FAE04EC0-301F-11D3-BF4B-00C04F79EFBC}") = "BukkMaraton2019GUI", "BukkMaraton2019GUI\BukkMaraton2019GUI.csproj", "{22DB02F6-CB69-411D-B01D-A4A7706A9D3C}"
EndProject
Global
	GlobalSection(SolutionConfigurationPlatforms) = preSolution
		Debug|Any CPU = Debug|Any CPU
		Release|Any CPU = Release|Any CPU
	EndGlobalSection
	GlobalSection(ProjectConfigurationPlatforms) = postSolution
		{22DB02F6-CB69-411D-B01D-A4A7706A9D3C}.Debug|Any CPU.ActiveCfg = Debug|Any CPU
		{22DB02F6-CB69-411D-B01D-A4A7706A9D3C}.Debug|Any CPU.Build.0 = Debug|Any CPU
		{22DB02F6-CB69-411D-B01D-A4A7706A9D3C}.Release|Any CPU.ActiveCfg = Release|Any CPU
		{22DB02F6-CB69-411D-B01D-A4A7706A9D3C}.Release|Any CPU.Build.0 = Release|Any CPU
	EndGlobalSection
	GlobalSection(SolutionProperties) = preSolution
		HideSolutionNode = FALSE
	EndGlobalSection
	GlobalSection(ExtensibilityGlobals) = postSolution
		SolutionGuid = {1A90AF51-B734-4230-9D74-9F88193285DE}
	EndGlobalSection
EndGlobal
