
Microsoft Visual Studio Solution File, Format Version 12.00
# Visual Studio Version 17
VisualStudioVersion = 17.3.32825.248
MinimumVisualStudioVersion = 10.0.40219.1
Project("{FAE04EC0-301F-11D3-BF4B-00C04F79EFBC}") = "ismetles1javitott", "ismetles1javitott\ismetles1javitott.csproj", "{779A85A9-B8F1-4D33-8491-CFAE0E01F9C3}"
EndProject
Global
	GlobalSection(SolutionConfigurationPlatforms) = preSolution
		Debug|Any CPU = Debug|Any CPU
		Release|Any CPU = Release|Any CPU
	EndGlobalSection
	GlobalSection(ProjectConfigurationPlatforms) = postSolution
		{779A85A9-B8F1-4D33-8491-CFAE0E01F9C3}.Debug|Any CPU.ActiveCfg = Debug|Any CPU
		{779A85A9-B8F1-4D33-8491-CFAE0E01F9C3}.Debug|Any CPU.Build.0 = Debug|Any CPU
		{779A85A9-B8F1-4D33-8491-CFAE0E01F9C3}.Release|Any CPU.ActiveCfg = Release|Any CPU
		{779A85A9-B8F1-4D33-8491-CFAE0E01F9C3}.Release|Any CPU.Build.0 = Release|Any CPU
	EndGlobalSection
	GlobalSection(SolutionProperties) = preSolution
		HideSolutionNode = FALSE
	EndGlobalSection
	GlobalSection(ExtensibilityGlobals) = postSolution
		SolutionGuid = {485C06D8-FDB1-4EF6-9747-E1E1613C752E}
	EndGlobalSection
EndGlobal
