
Microsoft Visual Studio Solution File, Format Version 12.00
# Visual Studio Version 17
VisualStudioVersion = 17.7.34031.279
MinimumVisualStudioVersion = 10.0.40219.1
Project("{FAE04EC0-301F-11D3-BF4B-00C04F79EFBC}") = "Orvosi_Nobel-dijasok", "Orvosi_Nobel-dijasok\Orvosi_Nobel-dijasok.csproj", "{FE9DB22C-3BF6-4355-9A8C-E97D61540793}"
EndProject
Global
	GlobalSection(SolutionConfigurationPlatforms) = preSolution
		Debug|Any CPU = Debug|Any CPU
		Release|Any CPU = Release|Any CPU
	EndGlobalSection
	GlobalSection(ProjectConfigurationPlatforms) = postSolution
		{FE9DB22C-3BF6-4355-9A8C-E97D61540793}.Debug|Any CPU.ActiveCfg = Debug|Any CPU
		{FE9DB22C-3BF6-4355-9A8C-E97D61540793}.Debug|Any CPU.Build.0 = Debug|Any CPU
		{FE9DB22C-3BF6-4355-9A8C-E97D61540793}.Release|Any CPU.ActiveCfg = Release|Any CPU
		{FE9DB22C-3BF6-4355-9A8C-E97D61540793}.Release|Any CPU.Build.0 = Release|Any CPU
	EndGlobalSection
	GlobalSection(SolutionProperties) = preSolution
		HideSolutionNode = FALSE
	EndGlobalSection
	GlobalSection(ExtensibilityGlobals) = postSolution
		SolutionGuid = {534208D7-554C-4944-BC78-5CD1A60254B4}
	EndGlobalSection
EndGlobal
