
Microsoft Visual Studio Solution File, Format Version 12.00
# Visual Studio Version 17
VisualStudioVersion = 17.6.33829.357
MinimumVisualStudioVersion = 10.0.40219.1
Project("{FAE04EC0-301F-11D3-BF4B-00C04F79EFBC}") = "NobelGUIWPF", "NobelGUIWPF.csproj", "{255CA168-D116-44A7-8835-E0DA1A5E7DD8}"
EndProject
Global
	GlobalSection(SolutionConfigurationPlatforms) = preSolution
		Debug|Any CPU = Debug|Any CPU
		Release|Any CPU = Release|Any CPU
	EndGlobalSection
	GlobalSection(ProjectConfigurationPlatforms) = postSolution
		{255CA168-D116-44A7-8835-E0DA1A5E7DD8}.Debug|Any CPU.ActiveCfg = Debug|Any CPU
		{255CA168-D116-44A7-8835-E0DA1A5E7DD8}.Debug|Any CPU.Build.0 = Debug|Any CPU
		{255CA168-D116-44A7-8835-E0DA1A5E7DD8}.Release|Any CPU.ActiveCfg = Release|Any CPU
		{255CA168-D116-44A7-8835-E0DA1A5E7DD8}.Release|Any CPU.Build.0 = Release|Any CPU
	EndGlobalSection
	GlobalSection(SolutionProperties) = preSolution
		HideSolutionNode = FALSE
	EndGlobalSection
	GlobalSection(ExtensibilityGlobals) = postSolution
		SolutionGuid = {221B6E63-8C1D-4027-9BDC-07742633435D}
	EndGlobalSection
EndGlobal
