
Microsoft Visual Studio Solution File, Format Version 12.00
# Visual Studio Version 17
VisualStudioVersion = 17.7.34031.279
MinimumVisualStudioVersion = 10.0.40219.1
Project("{FAE04EC0-301F-11D3-BF4B-00C04F79EFBC}") = "órai 19.2 delegate 3", "órai 19.2 delegate 3\órai 19.2 delegate 3.csproj", "{3923A779-2F0A-41F1-91CF-7D114C413A29}"
EndProject
Global
	GlobalSection(SolutionConfigurationPlatforms) = preSolution
		Debug|Any CPU = Debug|Any CPU
		Release|Any CPU = Release|Any CPU
	EndGlobalSection
	GlobalSection(ProjectConfigurationPlatforms) = postSolution
		{3923A779-2F0A-41F1-91CF-7D114C413A29}.Debug|Any CPU.ActiveCfg = Debug|Any CPU
		{3923A779-2F0A-41F1-91CF-7D114C413A29}.Debug|Any CPU.Build.0 = Debug|Any CPU
		{3923A779-2F0A-41F1-91CF-7D114C413A29}.Release|Any CPU.ActiveCfg = Release|Any CPU
		{3923A779-2F0A-41F1-91CF-7D114C413A29}.Release|Any CPU.Build.0 = Release|Any CPU
	EndGlobalSection
	GlobalSection(SolutionProperties) = preSolution
		HideSolutionNode = FALSE
	EndGlobalSection
	GlobalSection(ExtensibilityGlobals) = postSolution
		SolutionGuid = {B7163235-DCA4-4C98-9932-BA335C7589F9}
	EndGlobalSection
EndGlobal
