
Microsoft Visual Studio Solution File, Format Version 12.00
# Visual Studio Version 17
VisualStudioVersion = 17.7.34031.279
MinimumVisualStudioVersion = 10.0.40219.1
Project("{FAE04EC0-301F-11D3-BF4B-00C04F79EFBC}") = "NetworkUtility", "NetworkUtility\NetworkUtility.csproj", "{A2A89439-DD75-48CB-A534-2D93194FB555}"
EndProject
Project("{FAE04EC0-301F-11D3-BF4B-00C04F79EFBC}") = "NetworkUtility.Tests", "NetworkUtility.Tests\NetworkUtility.Tests.csproj", "{2BE8B60C-3E05-4657-A360-C5CE1E730731}"
EndProject
Global
	GlobalSection(SolutionConfigurationPlatforms) = preSolution
		Debug|Any CPU = Debug|Any CPU
		Release|Any CPU = Release|Any CPU
	EndGlobalSection
	GlobalSection(ProjectConfigurationPlatforms) = postSolution
		{A2A89439-DD75-48CB-A534-2D93194FB555}.Debug|Any CPU.ActiveCfg = Debug|Any CPU
		{A2A89439-DD75-48CB-A534-2D93194FB555}.Debug|Any CPU.Build.0 = Debug|Any CPU
		{A2A89439-DD75-48CB-A534-2D93194FB555}.Release|Any CPU.ActiveCfg = Release|Any CPU
		{A2A89439-DD75-48CB-A534-2D93194FB555}.Release|Any CPU.Build.0 = Release|Any CPU
		{2BE8B60C-3E05-4657-A360-C5CE1E730731}.Debug|Any CPU.ActiveCfg = Debug|Any CPU
		{2BE8B60C-3E05-4657-A360-C5CE1E730731}.Debug|Any CPU.Build.0 = Debug|Any CPU
		{2BE8B60C-3E05-4657-A360-C5CE1E730731}.Release|Any CPU.ActiveCfg = Release|Any CPU
		{2BE8B60C-3E05-4657-A360-C5CE1E730731}.Release|Any CPU.Build.0 = Release|Any CPU
	EndGlobalSection
	GlobalSection(SolutionProperties) = preSolution
		HideSolutionNode = FALSE
	EndGlobalSection
	GlobalSection(ExtensibilityGlobals) = postSolution
		SolutionGuid = {BCA23ABA-4FB2-4804-8A4A-FC7D79648313}
	EndGlobalSection
EndGlobal
