
Microsoft Visual Studio Solution File, Format Version 12.00
# Visual Studio Version 17
VisualStudioVersion = 17.7.34031.279
MinimumVisualStudioVersion = 10.0.40219.1
Project("{FAE04EC0-301F-11D3-BF4B-00C04F79EFBC}") = "karacsonyCLI", "karacsonyCLI\karacsonyCLI.csproj", "{30096A59-CAF9-4802-BC64-322DC3F64B8A}"
EndProject
Global
	GlobalSection(SolutionConfigurationPlatforms) = preSolution
		Debug|Any CPU = Debug|Any CPU
		Release|Any CPU = Release|Any CPU
	EndGlobalSection
	GlobalSection(ProjectConfigurationPlatforms) = postSolution
		{30096A59-CAF9-4802-BC64-322DC3F64B8A}.Debug|Any CPU.ActiveCfg = Debug|Any CPU
		{30096A59-CAF9-4802-BC64-322DC3F64B8A}.Debug|Any CPU.Build.0 = Debug|Any CPU
		{30096A59-CAF9-4802-BC64-322DC3F64B8A}.Release|Any CPU.ActiveCfg = Release|Any CPU
		{30096A59-CAF9-4802-BC64-322DC3F64B8A}.Release|Any CPU.Build.0 = Release|Any CPU
	EndGlobalSection
	GlobalSection(SolutionProperties) = preSolution
		HideSolutionNode = FALSE
	EndGlobalSection
	GlobalSection(ExtensibilityGlobals) = postSolution
		SolutionGuid = {1F777349-F4A7-4474-AA52-20472D5B1B2D}
	EndGlobalSection
EndGlobal
