
Microsoft Visual Studio Solution File, Format Version 12.00
# Visual Studio Version 17
VisualStudioVersion = 17.3.32825.248
MinimumVisualStudioVersion = 10.0.40219.1
Project("{FAE04EC0-301F-11D3-BF4B-00C04F79EFBC}") = "órai 4 helo", "órai 4 helo\órai 4 helo.csproj", "{9038ABFF-7D54-4C3B-880A-6503D356C689}"
EndProject
Global
	GlobalSection(SolutionConfigurationPlatforms) = preSolution
		Debug|Any CPU = Debug|Any CPU
		Release|Any CPU = Release|Any CPU
	EndGlobalSection
	GlobalSection(ProjectConfigurationPlatforms) = postSolution
		{9038ABFF-7D54-4C3B-880A-6503D356C689}.Debug|Any CPU.ActiveCfg = Debug|Any CPU
		{9038ABFF-7D54-4C3B-880A-6503D356C689}.Debug|Any CPU.Build.0 = Debug|Any CPU
		{9038ABFF-7D54-4C3B-880A-6503D356C689}.Release|Any CPU.ActiveCfg = Release|Any CPU
		{9038ABFF-7D54-4C3B-880A-6503D356C689}.Release|Any CPU.Build.0 = Release|Any CPU
	EndGlobalSection
	GlobalSection(SolutionProperties) = preSolution
		HideSolutionNode = FALSE
	EndGlobalSection
	GlobalSection(ExtensibilityGlobals) = postSolution
		SolutionGuid = {5ACE8AE1-1FCA-453E-9A11-C6639C0BB69B}
	EndGlobalSection
EndGlobal
