
Microsoft Visual Studio Solution File, Format Version 12.00
# Visual Studio Version 17
VisualStudioVersion = 17.7.34031.279
MinimumVisualStudioVersion = 10.0.40219.1
Project("{FAE04EC0-301F-11D3-BF4B-00C04F79EFBC}") = "bukkmaraton2019", "bukkmaraton2019\bukkmaraton2019.csproj", "{8CA024FF-39F0-4321-9B9F-526E3FA5AE00}"
EndProject
Project("{FAE04EC0-301F-11D3-BF4B-00C04F79EFBC}") = "Bukkmaraton.tests", "Bukkmaraton.tests\Bukkmaraton.tests.csproj", "{4776A427-2C31-45B7-9108-7CD74612EF2A}"
EndProject
Global
	GlobalSection(SolutionConfigurationPlatforms) = preSolution
		Debug|Any CPU = Debug|Any CPU
		Release|Any CPU = Release|Any CPU
	EndGlobalSection
	GlobalSection(ProjectConfigurationPlatforms) = postSolution
		{8CA024FF-39F0-4321-9B9F-526E3FA5AE00}.Debug|Any CPU.ActiveCfg = Debug|Any CPU
		{8CA024FF-39F0-4321-9B9F-526E3FA5AE00}.Debug|Any CPU.Build.0 = Debug|Any CPU
		{8CA024FF-39F0-4321-9B9F-526E3FA5AE00}.Release|Any CPU.ActiveCfg = Release|Any CPU
		{8CA024FF-39F0-4321-9B9F-526E3FA5AE00}.Release|Any CPU.Build.0 = Release|Any CPU
		{4776A427-2C31-45B7-9108-7CD74612EF2A}.Debug|Any CPU.ActiveCfg = Debug|Any CPU
		{4776A427-2C31-45B7-9108-7CD74612EF2A}.Debug|Any CPU.Build.0 = Debug|Any CPU
		{4776A427-2C31-45B7-9108-7CD74612EF2A}.Release|Any CPU.ActiveCfg = Release|Any CPU
		{4776A427-2C31-45B7-9108-7CD74612EF2A}.Release|Any CPU.Build.0 = Release|Any CPU
	EndGlobalSection
	GlobalSection(SolutionProperties) = preSolution
		HideSolutionNode = FALSE
	EndGlobalSection
	GlobalSection(ExtensibilityGlobals) = postSolution
		SolutionGuid = {BA263005-6493-4670-B30F-B16EC4C967AF}
	EndGlobalSection
EndGlobal
