
Microsoft Visual Studio Solution File, Format Version 12.00
# Visual Studio Version 17
VisualStudioVersion = 17.7.34031.279
MinimumVisualStudioVersion = 10.0.40219.1
Project("{FAE04EC0-301F-11D3-BF4B-00C04F79EFBC}") = "órai 12 tryparse", "órai 12 tryparse\órai 12 tryparse.csproj", "{5C890BC6-53D8-4714-B113-6FB8CE944D82}"
EndProject
Global
	GlobalSection(SolutionConfigurationPlatforms) = preSolution
		Debug|Any CPU = Debug|Any CPU
		Release|Any CPU = Release|Any CPU
	EndGlobalSection
	GlobalSection(ProjectConfigurationPlatforms) = postSolution
		{5C890BC6-53D8-4714-B113-6FB8CE944D82}.Debug|Any CPU.ActiveCfg = Debug|Any CPU
		{5C890BC6-53D8-4714-B113-6FB8CE944D82}.Debug|Any CPU.Build.0 = Debug|Any CPU
		{5C890BC6-53D8-4714-B113-6FB8CE944D82}.Release|Any CPU.ActiveCfg = Release|Any CPU
		{5C890BC6-53D8-4714-B113-6FB8CE944D82}.Release|Any CPU.Build.0 = Release|Any CPU
	EndGlobalSection
	GlobalSection(SolutionProperties) = preSolution
		HideSolutionNode = FALSE
	EndGlobalSection
	GlobalSection(ExtensibilityGlobals) = postSolution
		SolutionGuid = {6BBFD7EC-3C82-4DE4-963D-941CDAC26ED2}
	EndGlobalSection
EndGlobal
