
Microsoft Visual Studio Solution File, Format Version 12.00
# Visual Studio Version 17
VisualStudioVersion = 17.7.34031.279
MinimumVisualStudioVersion = 10.0.40219.1
Project("{FAE04EC0-301F-11D3-BF4B-00C04F79EFBC}") = "órai 17.1 unit system", "órai 17.1 unit system\órai 17.1 unit system.csproj", "{DA3D0EE1-2681-4D4D-885F-3967A2862F70}"
EndProject
Global
	GlobalSection(SolutionConfigurationPlatforms) = preSolution
		Debug|Any CPU = Debug|Any CPU
		Release|Any CPU = Release|Any CPU
	EndGlobalSection
	GlobalSection(ProjectConfigurationPlatforms) = postSolution
		{DA3D0EE1-2681-4D4D-885F-3967A2862F70}.Debug|Any CPU.ActiveCfg = Debug|Any CPU
		{DA3D0EE1-2681-4D4D-885F-3967A2862F70}.Debug|Any CPU.Build.0 = Debug|Any CPU
		{DA3D0EE1-2681-4D4D-885F-3967A2862F70}.Release|Any CPU.ActiveCfg = Release|Any CPU
		{DA3D0EE1-2681-4D4D-885F-3967A2862F70}.Release|Any CPU.Build.0 = Release|Any CPU
	EndGlobalSection
	GlobalSection(SolutionProperties) = preSolution
		HideSolutionNode = FALSE
	EndGlobalSection
	GlobalSection(ExtensibilityGlobals) = postSolution
		SolutionGuid = {E574292A-9B91-4666-BF55-90E4B66F2CC7}
	EndGlobalSection
EndGlobal
