
Microsoft Visual Studio Solution File, Format Version 12.00
# Visual Studio Version 17
VisualStudioVersion = 17.7.34031.279
MinimumVisualStudioVersion = 10.0.40219.1
Project("{FAE04EC0-301F-11D3-BF4B-00C04F79EFBC}") = "NetworkUtility.Tests", "NetworkUtility.Tests\NetworkUtility.Tests.csproj", "{108BCC1D-5046-4283-A529-6BF4B23E24F5}"
EndProject
Global
	GlobalSection(SolutionConfigurationPlatforms) = preSolution
		Debug|Any CPU = Debug|Any CPU
		Release|Any CPU = Release|Any CPU
	EndGlobalSection
	GlobalSection(ProjectConfigurationPlatforms) = postSolution
		{108BCC1D-5046-4283-A529-6BF4B23E24F5}.Debug|Any CPU.ActiveCfg = Debug|Any CPU
		{108BCC1D-5046-4283-A529-6BF4B23E24F5}.Debug|Any CPU.Build.0 = Debug|Any CPU
		{108BCC1D-5046-4283-A529-6BF4B23E24F5}.Release|Any CPU.ActiveCfg = Release|Any CPU
		{108BCC1D-5046-4283-A529-6BF4B23E24F5}.Release|Any CPU.Build.0 = Release|Any CPU
	EndGlobalSection
	GlobalSection(SolutionProperties) = preSolution
		HideSolutionNode = FALSE
	EndGlobalSection
	GlobalSection(ExtensibilityGlobals) = postSolution
		SolutionGuid = {50E04360-8783-4B42-A8D7-FE2F9ED1DF79}
	EndGlobalSection
EndGlobal
