
Microsoft Visual Studio Solution File, Format Version 12.00
# Visual Studio Version 17
VisualStudioVersion = 17.6.33829.357
MinimumVisualStudioVersion = 10.0.40219.1
Project("{FAE04EC0-301F-11D3-BF4B-00C04F79EFBC}") = "delegacio", "delegacio.csproj", "{EAB9A56D-7515-44CD-BE5A-D5FC1E0A2529}"
EndProject
Global
	GlobalSection(SolutionConfigurationPlatforms) = preSolution
		Debug|Any CPU = Debug|Any CPU
		Release|Any CPU = Release|Any CPU
	EndGlobalSection
	GlobalSection(ProjectConfigurationPlatforms) = postSolution
		{EAB9A56D-7515-44CD-BE5A-D5FC1E0A2529}.Debug|Any CPU.ActiveCfg = Debug|Any CPU
		{EAB9A56D-7515-44CD-BE5A-D5FC1E0A2529}.Debug|Any CPU.Build.0 = Debug|Any CPU
		{EAB9A56D-7515-44CD-BE5A-D5FC1E0A2529}.Release|Any CPU.ActiveCfg = Release|Any CPU
		{EAB9A56D-7515-44CD-BE5A-D5FC1E0A2529}.Release|Any CPU.Build.0 = Release|Any CPU
	EndGlobalSection
	GlobalSection(SolutionProperties) = preSolution
		HideSolutionNode = FALSE
	EndGlobalSection
	GlobalSection(ExtensibilityGlobals) = postSolution
		SolutionGuid = {0F75FE53-3433-4DA2-98D1-114E1DA31C74}
	EndGlobalSection
EndGlobal
