
Microsoft Visual Studio Solution File, Format Version 12.00
# Visual Studio Version 17
VisualStudioVersion = 17.7.34024.191
MinimumVisualStudioVersion = 10.0.40219.1
Project("{FAE04EC0-301F-11D3-BF4B-00C04F79EFBC}") = "delegate", "delegate\delegate.csproj", "{3C841E5A-5968-4D76-9A41-05B7F0FCA00C}"
EndProject
Global
	GlobalSection(SolutionConfigurationPlatforms) = preSolution
		Debug|Any CPU = Debug|Any CPU
		Release|Any CPU = Release|Any CPU
	EndGlobalSection
	GlobalSection(ProjectConfigurationPlatforms) = postSolution
		{3C841E5A-5968-4D76-9A41-05B7F0FCA00C}.Debug|Any CPU.ActiveCfg = Debug|Any CPU
		{3C841E5A-5968-4D76-9A41-05B7F0FCA00C}.Debug|Any CPU.Build.0 = Debug|Any CPU
		{3C841E5A-5968-4D76-9A41-05B7F0FCA00C}.Release|Any CPU.ActiveCfg = Release|Any CPU
		{3C841E5A-5968-4D76-9A41-05B7F0FCA00C}.Release|Any CPU.Build.0 = Release|Any CPU
	EndGlobalSection
	GlobalSection(SolutionProperties) = preSolution
		HideSolutionNode = FALSE
	EndGlobalSection
	GlobalSection(ExtensibilityGlobals) = postSolution
		SolutionGuid = {1A616068-C9C5-4F30-9E14-7F2F43085464}
	EndGlobalSection
EndGlobal
