
Microsoft Visual Studio Solution File, Format Version 12.00
# Visual Studio Version 17
VisualStudioVersion = 17.7.34031.279
MinimumVisualStudioVersion = 10.0.40219.1
Project("{FAE04EC0-301F-11D3-BF4B-00C04F79EFBC}") = "TryParse", "TryParse\TryParse.csproj", "{561A3D95-0B93-4B6D-833C-AB2E65226D3B}"
EndProject
Global
	GlobalSection(SolutionConfigurationPlatforms) = preSolution
		Debug|Any CPU = Debug|Any CPU
		Release|Any CPU = Release|Any CPU
	EndGlobalSection
	GlobalSection(ProjectConfigurationPlatforms) = postSolution
		{561A3D95-0B93-4B6D-833C-AB2E65226D3B}.Debug|Any CPU.ActiveCfg = Debug|Any CPU
		{561A3D95-0B93-4B6D-833C-AB2E65226D3B}.Debug|Any CPU.Build.0 = Debug|Any CPU
		{561A3D95-0B93-4B6D-833C-AB2E65226D3B}.Release|Any CPU.ActiveCfg = Release|Any CPU
		{561A3D95-0B93-4B6D-833C-AB2E65226D3B}.Release|Any CPU.Build.0 = Release|Any CPU
	EndGlobalSection
	GlobalSection(SolutionProperties) = preSolution
		HideSolutionNode = FALSE
	EndGlobalSection
	GlobalSection(ExtensibilityGlobals) = postSolution
		SolutionGuid = {047257E9-AEA7-48B5-8FC5-DBD8944287A5}
	EndGlobalSection
EndGlobal
