
Microsoft Visual Studio Solution File, Format Version 12.00
# Visual Studio Version 17
VisualStudioVersion = 17.7.34031.279
MinimumVisualStudioVersion = 10.0.40219.1
Project("{FAE04EC0-301F-11D3-BF4B-00C04F79EFBC}") = "beadando", "beadando\beadando.csproj", "{C001EC52-6120-4FE3-8ACF-5CDAF1CDEAEE}"
EndProject
Global
	GlobalSection(SolutionConfigurationPlatforms) = preSolution
		Debug|Any CPU = Debug|Any CPU
		Release|Any CPU = Release|Any CPU
	EndGlobalSection
	GlobalSection(ProjectConfigurationPlatforms) = postSolution
		{C001EC52-6120-4FE3-8ACF-5CDAF1CDEAEE}.Debug|Any CPU.ActiveCfg = Debug|Any CPU
		{C001EC52-6120-4FE3-8ACF-5CDAF1CDEAEE}.Debug|Any CPU.Build.0 = Debug|Any CPU
		{C001EC52-6120-4FE3-8ACF-5CDAF1CDEAEE}.Release|Any CPU.ActiveCfg = Release|Any CPU
		{C001EC52-6120-4FE3-8ACF-5CDAF1CDEAEE}.Release|Any CPU.Build.0 = Release|Any CPU
	EndGlobalSection
	GlobalSection(SolutionProperties) = preSolution
		HideSolutionNode = FALSE
	EndGlobalSection
	GlobalSection(ExtensibilityGlobals) = postSolution
		SolutionGuid = {6EACA4AA-278A-4667-A877-2169CB5B2101}
	EndGlobalSection
EndGlobal
