
Microsoft Visual Studio Solution File, Format Version 12.00
# Visual Studio Version 17
VisualStudioVersion = 17.6.33829.357
MinimumVisualStudioVersion = 10.0.40219.1
Project("{FAE04EC0-301F-11D3-BF4B-00C04F79EFBC}") = "2023.11.23", "2023.11.23.csproj", "{62030B61-DFCD-46B8-BF42-49EF176E3F92}"
EndProject
Global
	GlobalSection(SolutionConfigurationPlatforms) = preSolution
		Debug|Any CPU = Debug|Any CPU
		Release|Any CPU = Release|Any CPU
	EndGlobalSection
	GlobalSection(ProjectConfigurationPlatforms) = postSolution
		{62030B61-DFCD-46B8-BF42-49EF176E3F92}.Debug|Any CPU.ActiveCfg = Debug|Any CPU
		{62030B61-DFCD-46B8-BF42-49EF176E3F92}.Debug|Any CPU.Build.0 = Debug|Any CPU
		{62030B61-DFCD-46B8-BF42-49EF176E3F92}.Release|Any CPU.ActiveCfg = Release|Any CPU
		{62030B61-DFCD-46B8-BF42-49EF176E3F92}.Release|Any CPU.Build.0 = Release|Any CPU
	EndGlobalSection
	GlobalSection(SolutionProperties) = preSolution
		HideSolutionNode = FALSE
	EndGlobalSection
	GlobalSection(ExtensibilityGlobals) = postSolution
		SolutionGuid = {F10203FD-25CF-4191-922D-14B53B0BE16F}
	EndGlobalSection
EndGlobal
