
Microsoft Visual Studio Solution File, Format Version 12.00
# Visual Studio Version 17
VisualStudioVersion = 17.7.34024.191
MinimumVisualStudioVersion = 10.0.40219.1
Project("{FAE04EC0-301F-11D3-BF4B-00C04F79EFBC}") = "OOP2", "OOP2\OOP2.csproj", "{D3DA6A90-8061-48BF-A8BE-0A784DCC11E3}"
EndProject
Global
	GlobalSection(SolutionConfigurationPlatforms) = preSolution
		Debug|Any CPU = Debug|Any CPU
		Release|Any CPU = Release|Any CPU
	EndGlobalSection
	GlobalSection(ProjectConfigurationPlatforms) = postSolution
		{D3DA6A90-8061-48BF-A8BE-0A784DCC11E3}.Debug|Any CPU.ActiveCfg = Debug|Any CPU
		{D3DA6A90-8061-48BF-A8BE-0A784DCC11E3}.Debug|Any CPU.Build.0 = Debug|Any CPU
		{D3DA6A90-8061-48BF-A8BE-0A784DCC11E3}.Release|Any CPU.ActiveCfg = Release|Any CPU
		{D3DA6A90-8061-48BF-A8BE-0A784DCC11E3}.Release|Any CPU.Build.0 = Release|Any CPU
	EndGlobalSection
	GlobalSection(SolutionProperties) = preSolution
		HideSolutionNode = FALSE
	EndGlobalSection
	GlobalSection(ExtensibilityGlobals) = postSolution
		SolutionGuid = {BA6A6D2F-E8FB-46B0-AFF3-CA9FEBB59A4B}
	EndGlobalSection
EndGlobal
