
Microsoft Visual Studio Solution File, Format Version 12.00
# Visual Studio Version 17
VisualStudioVersion = 17.7.34031.279
MinimumVisualStudioVersion = 10.0.40219.1
Project("{FAE04EC0-301F-11D3-BF4B-00C04F79EFBC}") = "delegate1", "delegate1\delegate1.csproj", "{22039BB4-1A93-47AF-BF7F-594E673F5A1F}"
EndProject
Global
	GlobalSection(SolutionConfigurationPlatforms) = preSolution
		Debug|Any CPU = Debug|Any CPU
		Release|Any CPU = Release|Any CPU
	EndGlobalSection
	GlobalSection(ProjectConfigurationPlatforms) = postSolution
		{22039BB4-1A93-47AF-BF7F-594E673F5A1F}.Debug|Any CPU.ActiveCfg = Debug|Any CPU
		{22039BB4-1A93-47AF-BF7F-594E673F5A1F}.Debug|Any CPU.Build.0 = Debug|Any CPU
		{22039BB4-1A93-47AF-BF7F-594E673F5A1F}.Release|Any CPU.ActiveCfg = Release|Any CPU
		{22039BB4-1A93-47AF-BF7F-594E673F5A1F}.Release|Any CPU.Build.0 = Release|Any CPU
	EndGlobalSection
	GlobalSection(SolutionProperties) = preSolution
		HideSolutionNode = FALSE
	EndGlobalSection
	GlobalSection(ExtensibilityGlobals) = postSolution
		SolutionGuid = {CAB5D151-E5A6-477D-B9EF-E6EC5CBCB0EB}
	EndGlobalSection
EndGlobal
