
Microsoft Visual Studio Solution File, Format Version 12.00
# Visual Studio Version 17
VisualStudioVersion = 17.6.33829.357
MinimumVisualStudioVersion = 10.0.40219.1
Project("{FAE04EC0-301F-11D3-BF4B-00C04F79EFBC}") = "Ismétlés1", "Ismétlés1.csproj", "{72CBA2A8-373D-4E03-9CBA-02EF16849633}"
EndProject
Global
	GlobalSection(SolutionConfigurationPlatforms) = preSolution
		Debug|Any CPU = Debug|Any CPU
		Release|Any CPU = Release|Any CPU
	EndGlobalSection
	GlobalSection(ProjectConfigurationPlatforms) = postSolution
		{72CBA2A8-373D-4E03-9CBA-02EF16849633}.Debug|Any CPU.ActiveCfg = Debug|Any CPU
		{72CBA2A8-373D-4E03-9CBA-02EF16849633}.Debug|Any CPU.Build.0 = Debug|Any CPU
		{72CBA2A8-373D-4E03-9CBA-02EF16849633}.Release|Any CPU.ActiveCfg = Release|Any CPU
		{72CBA2A8-373D-4E03-9CBA-02EF16849633}.Release|Any CPU.Build.0 = Release|Any CPU
	EndGlobalSection
	GlobalSection(SolutionProperties) = preSolution
		HideSolutionNode = FALSE
	EndGlobalSection
	GlobalSection(ExtensibilityGlobals) = postSolution
		SolutionGuid = {AEF87427-2028-4A1E-AE63-7CD10476B347}
	EndGlobalSection
EndGlobal
