
Microsoft Visual Studio Solution File, Format Version 12.00
# Visual Studio Version 17
VisualStudioVersion = 17.7.34031.279
MinimumVisualStudioVersion = 10.0.40219.1
Project("{FAE04EC0-301F-11D3-BF4B-00C04F79EFBC}") = "Feladat", "Feladat\Feladat.csproj", "{FC6509C7-71CD-430E-BEAE-C29325362EB2}"
EndProject
Global
	GlobalSection(SolutionConfigurationPlatforms) = preSolution
		Debug|Any CPU = Debug|Any CPU
		Release|Any CPU = Release|Any CPU
	EndGlobalSection
	GlobalSection(ProjectConfigurationPlatforms) = postSolution
		{FC6509C7-71CD-430E-BEAE-C29325362EB2}.Debug|Any CPU.ActiveCfg = Debug|Any CPU
		{FC6509C7-71CD-430E-BEAE-C29325362EB2}.Debug|Any CPU.Build.0 = Debug|Any CPU
		{FC6509C7-71CD-430E-BEAE-C29325362EB2}.Release|Any CPU.ActiveCfg = Release|Any CPU
		{FC6509C7-71CD-430E-BEAE-C29325362EB2}.Release|Any CPU.Build.0 = Release|Any CPU
	EndGlobalSection
	GlobalSection(SolutionProperties) = preSolution
		HideSolutionNode = FALSE
	EndGlobalSection
	GlobalSection(ExtensibilityGlobals) = postSolution
		SolutionGuid = {93A3E1C0-867A-4210-A4EC-CD3D561BDEA8}
	EndGlobalSection
EndGlobal
