
Microsoft Visual Studio Solution File, Format Version 12.00
# Visual Studio Version 17
VisualStudioVersion = 17.6.33829.357
MinimumVisualStudioVersion = 10.0.40219.1
Project("{FAE04EC0-301F-11D3-BF4B-00C04F79EFBC}") = "tömbök", "tömbök.csproj", "{39303E55-F192-4EAF-9B65-1D4F88F740CE}"
EndProject
Global
	GlobalSection(SolutionConfigurationPlatforms) = preSolution
		Debug|Any CPU = Debug|Any CPU
		Release|Any CPU = Release|Any CPU
	EndGlobalSection
	GlobalSection(ProjectConfigurationPlatforms) = postSolution
		{39303E55-F192-4EAF-9B65-1D4F88F740CE}.Debug|Any CPU.ActiveCfg = Debug|Any CPU
		{39303E55-F192-4EAF-9B65-1D4F88F740CE}.Debug|Any CPU.Build.0 = Debug|Any CPU
		{39303E55-F192-4EAF-9B65-1D4F88F740CE}.Release|Any CPU.ActiveCfg = Release|Any CPU
		{39303E55-F192-4EAF-9B65-1D4F88F740CE}.Release|Any CPU.Build.0 = Release|Any CPU
	EndGlobalSection
	GlobalSection(SolutionProperties) = preSolution
		HideSolutionNode = FALSE
	EndGlobalSection
	GlobalSection(ExtensibilityGlobals) = postSolution
		SolutionGuid = {6629A685-6ABD-4CEC-B597-F89853997CA4}
	EndGlobalSection
EndGlobal
